
Microsoft Visual Studio Solution File, Format Version 12.00
# Visual Studio Version 17
VisualStudioVersion = 17.4.33213.308
MinimumVisualStudioVersion = 10.0.40219.1
Project("{FAE04EC0-301F-11D3-BF4B-00C04F79EFBC}") = "Arbol_Binario", "Arbol_Binario\Arbol_Binario.csproj", "{E64B3B22-0AB1-4DC9-BFD3-35698AADAFE4}"
EndProject
Global
	GlobalSection(SolutionConfigurationPlatforms) = preSolution
		Debug|Any CPU = Debug|Any CPU
		Release|Any CPU = Release|Any CPU
	EndGlobalSection
	GlobalSection(ProjectConfigurationPlatforms) = postSolution
		{E64B3B22-0AB1-4DC9-BFD3-35698AADAFE4}.Debug|Any CPU.ActiveCfg = Debug|Any CPU
		{E64B3B22-0AB1-4DC9-BFD3-35698AADAFE4}.Debug|Any CPU.Build.0 = Debug|Any CPU
		{E64B3B22-0AB1-4DC9-BFD3-35698AADAFE4}.Release|Any CPU.ActiveCfg = Release|Any CPU
		{E64B3B22-0AB1-4DC9-BFD3-35698AADAFE4}.Release|Any CPU.Build.0 = Release|Any CPU
	EndGlobalSection
	GlobalSection(SolutionProperties) = preSolution
		HideSolutionNode = FALSE
	EndGlobalSection
	GlobalSection(ExtensibilityGlobals) = postSolution
		SolutionGuid = {255D8D37-37CC-4188-B7E4-A6AB6EDD7288}
	EndGlobalSection
EndGlobal
